
Microsoft Visual Studio Solution File, Format Version 12.00
# Visual Studio Version 17
VisualStudioVersion = 17.2.32630.192
MinimumVisualStudioVersion = 10.0.40219.1
Project("{9A19103F-16F7-4668-BE54-9A1E7A4F7556}") = "ToDoList", "ToDoList\ToDoList.csproj", "{FF2EEB0E-0A66-4D97-8ABD-6C0264E74136}"
EndProject
Global
	GlobalSection(SolutionConfigurationPlatforms) = preSolution
		Debug|Any CPU = Debug|Any CPU
		Release|Any CPU = Release|Any CPU
	EndGlobalSection
	GlobalSection(ProjectConfigurationPlatforms) = postSolution
		{FF2EEB0E-0A66-4D97-8ABD-6C0264E74136}.Debug|Any CPU.ActiveCfg = Debug|Any CPU
		{FF2EEB0E-0A66-4D97-8ABD-6C0264E74136}.Debug|Any CPU.Build.0 = Debug|Any CPU
		{FF2EEB0E-0A66-4D97-8ABD-6C0264E74136}.Release|Any CPU.ActiveCfg = Release|Any CPU
		{FF2EEB0E-0A66-4D97-8ABD-6C0264E74136}.Release|Any CPU.Build.0 = Release|Any CPU
	EndGlobalSection
	GlobalSection(SolutionProperties) = preSolution
		HideSolutionNode = FALSE
	EndGlobalSection
	GlobalSection(ExtensibilityGlobals) = postSolution
		SolutionGuid = {CD790467-8872-465E-A4BD-1CFC826831C6}
	EndGlobalSection
EndGlobal
